
Microsoft Visual Studio Solution File, Format Version 12.00
# Visual Studio Version 16
VisualStudioVersion = 16.0.33529.622
MinimumVisualStudioVersion = 10.0.40219.1
Project("{FAE04EC0-301F-11D3-BF4B-00C04F79EFBC}") = "EventAPI", "EventAPI\EventAPI.csproj", "{A0D2D41E-2572-42D2-8FAA-66D3D711E21A}"
EndProject
Global
	GlobalSection(SolutionConfigurationPlatforms) = preSolution
		Debug|Any CPU = Debug|Any CPU
		Release|Any CPU = Release|Any CPU
	EndGlobalSection
	GlobalSection(ProjectConfigurationPlatforms) = postSolution
		{A0D2D41E-2572-42D2-8FAA-66D3D711E21A}.Debug|Any CPU.ActiveCfg = Debug|Any CPU
		{A0D2D41E-2572-42D2-8FAA-66D3D711E21A}.Debug|Any CPU.Build.0 = Debug|Any CPU
		{A0D2D41E-2572-42D2-8FAA-66D3D711E21A}.Release|Any CPU.ActiveCfg = Release|Any CPU
		{A0D2D41E-2572-42D2-8FAA-66D3D711E21A}.Release|Any CPU.Build.0 = Release|Any CPU
	EndGlobalSection
	GlobalSection(SolutionProperties) = preSolution
		HideSolutionNode = FALSE
	EndGlobalSection
	GlobalSection(ExtensibilityGlobals) = postSolution
		SolutionGuid = {BD7DFB81-44DD-403A-8D3C-EDC61621F617}
	EndGlobalSection
EndGlobal
